// !$*UTF8*$!
{
	archiveVersion = 1;
	classes = {
	};
	objectVersion = 50;
	objects = {

/* Begin PBXBuildFile section */
		482A18AB2511AB65008F79DA /* AppDelegate.swift in Sources */ = {isa = PBXBuildFile; fileRef = 482A18AA2511AB65008F79DA /* AppDelegate.swift */; };
		482A18AD2511AB65008F79DA /* SceneDelegate.swift in Sources */ = {isa = PBXBuildFile; fileRef = 482A18AC2511AB65008F79DA /* SceneDelegate.swift */; };
		482A18AF2511AB65008F79DA /* ViewController.swift in Sources */ = {isa = PBXBuildFile; fileRef = 482A18AE2511AB65008F79DA /* ViewController.swift */; };
		482A18B22511AB65008F79DA /* Main.storyboard in Resources */ = {isa = PBXBuildFile; fileRef = 482A18B02511AB65008F79DA /* Main.storyboard */; };
		482A18B42511AB67008F79DA /* Assets.xcassets in Resources */ = {isa = PBXBuildFile; fileRef = 482A18B32511AB67008F79DA /* Assets.xcassets */; };
		482A18B72511AB67008F79DA /* LaunchScreen.storyboard in Resources */ = {isa = PBXBuildFile; fileRef = 482A18B52511AB67008F79DA /* LaunchScreen.storyboard */; };
/* End PBXBuildFile section */

/* Begin PBXFileReference section */
		482A18A72511AB65008F79DA /* iOS-OpenLDAP.app */ = {isa = PBXFileReference; explicitFileType = wrapper.application; includeInIndex = 0; path = "iOS-OpenLDAP.app"; sourceTree = BUILT_PRODUCTS_DIR; };
		482A18AA2511AB65008F79DA /* AppDelegate.swift */ = {isa = PBXFileReference; lastKnownFileType = sourcecode.swift; path = AppDelegate.swift; sourceTree = "<group>"; };
		482A18AC2511AB65008F79DA /* SceneDelegate.swift */ = {isa = PBXFileReference; lastKnownFileType = sourcecode.swift; path = SceneDelegate.swift; sourceTree = "<group>"; };
		482A18AE2511AB65008F79DA /* ViewController.swift */ = {isa = PBXFileReference; lastKnownFileType = sourcecode.swift; path = ViewController.swift; sourceTree = "<group>"; };
		482A18B12511AB65008F79DA /* Base */ = {isa = PBXFileReference; lastKnownFileType = file.storyboard; name = Base; path = Base.lproj/Main.storyboard; sourceTree = "<group>"; };
		482A18B32511AB67008F79DA /* Assets.xcassets */ = {isa = PBXFileReference; lastKnownFileType = folder.assetcatalog; path = Assets.xcassets; sourceTree = "<group>"; };
		482A18B62511AB67008F79DA /* Base */ = {isa = PBXFileReference; lastKnownFileType = file.storyboard; name = Base; path = Base.lproj/LaunchScreen.storyboard; sourceTree = "<group>"; };
		482A18B82511AB67008F79DA /* Info.plist */ = {isa = PBXFileReference; lastKnownFileType = text.plist.xml; path = Info.plist; sourceTree = "<group>"; };
/* End PBXFileReference section */

/* Begin PBXFrameworksBuildPhase section */
		482A18A42511AB65008F79DA /* Frameworks */ = {
			isa = PBXFrameworksBuildPhase;
			buildActionMask = 2147483647;
			files = (
			);
			runOnlyForDeploymentPostprocessing = 0;
		};
/* End PBXFrameworksBuildPhase section */

/* Begin PBXGroup section */
		482A189E2511AB65008F79DA = {
			isa = PBXGroup;
			children = (
				482A18A92511AB65008F79DA /* iOS-OpenLDAP */,
				482A18A82511AB65008F79DA /* Products */,
			);
			sourceTree = "<group>";
		};
		482A18A82511AB65008F79DA /* Products */ = {
			isa = PBXGroup;
			children = (
				482A18A72511AB65008F79DA /* iOS-OpenLDAP.app */,
			);
			name = Products;
			sourceTree = "<group>";
		};
		482A18A92511AB65008F79DA /* iOS-OpenLDAP */ = {
			isa = PBXGroup;
			children = (
				482A18AA2511AB65008F79DA /* AppDelegate.swift */,
				482A18AC2511AB65008F79DA /* SceneDelegate.swift */,
				482A18AE2511AB65008F79DA /* ViewController.swift */,
				482A18B02511AB65008F79DA /* Main.storyboard */,
				482A18B32511AB67008F79DA /* Assets.xcassets */,
				482A18B52511AB67008F79DA /* LaunchScreen.storyboard */,
				482A18B82511AB67008F79DA /* Info.plist */,
			);
			path = "iOS-OpenLDAP";
			sourceTree = "<group>";
		};
/* End PBXGroup section */

/* Begin PBXNativeTarget section */
		482A18A62511AB65008F79DA /* iOS-OpenLDAP */ = {
			isa = PBXNativeTarget;
			buildConfigurationList = 482A18BB2511AB67008F79DA /* Build configuration list for PBXNativeTarget "iOS-OpenLDAP" */;
			buildPhases = (
				482A18A32511AB65008F79DA /* Sources */,
				482A18A42511AB65008F79DA /* Frameworks */,
				482A18A52511AB65008F79DA /* Resources */,
			);
			buildRules = (
			);
			dependencies = (
			);
			name = "iOS-OpenLDAP";
			productName = "iOS-OpenLDAP";
			productReference = 482A18A72511AB65008F79DA /* iOS-OpenLDAP.app */;
			productType = "com.apple.product-type.application";
		};
/* End PBXNativeTarget section */

/* Begin PBXProject section */
		482A189F2511AB65008F79DA /* Project object */ = {
			isa = PBXProject;
			attributes = {
				LastSwiftUpdateCheck = 1170;
				LastUpgradeCheck = 1170;
				ORGANIZATIONNAME = yourcompany;
				TargetAttributes = {
					482A18A62511AB65008F79DA = {
						CreatedOnToolsVersion = 11.7;
					};
				};
			};
			buildConfigurationList = 482A18A22511AB65008F79DA /* Build configuration list for PBXProject "iOS-OpenLDAP" */;
			compatibilityVersion = "Xcode 9.3";
			developmentRegion = en;
			hasScannedForEncodings = 0;
			knownRegions = (
				en,
				Base,
			);
			mainGroup = 482A189E2511AB65008F79DA;
			productRefGroup = 482A18A82511AB65008F79DA /* Products */;
			projectDirPath = "";
			projectRoot = "";
			targets = (
				482A18A62511AB65008F79DA /* iOS-OpenLDAP */,
			);
		};
/* End PBXProject section */

/* Begin PBXResourcesBuildPhase section */
		482A18A52511AB65008F79DA /* Resources */ = {
			isa = PBXResourcesBuildPhase;
			buildActionMask = 2147483647;
			files = (
				482A18B72511AB67008F79DA /* LaunchScreen.storyboard in Resources */,
				482A18B42511AB67008F79DA /* Assets.xcassets in Resources */,
				482A18B22511AB65008F79DA /* Main.storyboard in Resources */,
			);
			runOnlyForDeploymentPostprocessing = 0;
		};
/* End PBXResourcesBuildPhase section */

/* Begin PBXSourcesBuildPhase section */
		482A18A32511AB65008F79DA /* Sources */ = {
			isa = PBXSourcesBuildPhase;
			buildActionMask = 2147483647;
			files = (
				482A18AF2511AB65008F79DA /* ViewController.swift in Sources */,
				482A18AB2511AB65008F79DA /* AppDelegate.swift in Sources */,
				482A18AD2511AB65008F79DA /* SceneDelegate.swift in Sources */,
			);
			runOnlyForDeploymentPostprocessing = 0;
		};
/* End PBXSourcesBuildPhase section */

/* Begin PBXVariantGroup section */
		482A18B02511AB65008F79DA /* Main.storyboard */ = {
			isa = PBXVariantGroup;
			children = (
				482A18B12511AB65008F79DA /* Base */,
			);
			name = Main.storyboard;
			sourceTree = "<group>";
		};
		482A18B52511AB67008F79DA /* LaunchScreen.storyboard */ = {
			isa = PBXVariantGroup;
			children = (
				482A18B62511AB67008F79DA /* Base */,
			);
			name = LaunchScreen.storyboard;
			sourceTree = "<group>";
		};
/* End PBXVariantGroup section */

/* Begin XCBuildConfiguration section */
		482A18B92511AB67008F79DA /* Debug */ = {
			isa = XCBuildConfiguration;
			buildSettings = {
				ALWAYS_SEARCH_USER_PATHS = NO;
				CLANG_ANALYZER_NONNULL = YES;
				CLANG_ANALYZER_NUMBER_OBJECT_CONVERSION = YES_AGGRESSIVE;
				CLANG_CXX_LANGUAGE_STANDARD = "gnu++14";
				CLANG_CXX_LIBRARY = "libc++";
				CLANG_ENABLE_MODULES = YES;
				CLANG_ENABLE_OBJC_ARC = YES;
				CLANG_ENABLE_OBJC_WEAK = YES;
				CLANG_WARN_BLOCK_CAPTURE_AUTORELEASING = YES;
				CLANG_WARN_BOOL_CONVERSION = YES;
				CLANG_WARN_COMMA = YES;
				CLANG_WARN_CONSTANT_CONVERSION = YES;
				CLANG_WARN_DEPRECATED_OBJC_IMPLEMENTATIONS = YES;
				CLANG_WARN_DIRECT_OBJC_ISA_USAGE = YES_ERROR;
				CLANG_WARN_DOCUMENTATION_COMMENTS = YES;
				CLANG_WARN_EMPTY_BODY = YES;
				CLANG_WARN_ENUM_CONVERSION = YES;
				CLANG_WARN_INFINITE_RECURSION = YES;
				CLANG_WARN_INT_CONVERSION = YES;
				CLANG_WARN_NON_LITERAL_NULL_CONVERSION = YES;
				CLANG_WARN_OBJC_IMPLICIT_RETAIN_SELF = YES;
				CLANG_WARN_OBJC_LITERAL_CONVERSION = YES;
				CLANG_WARN_OBJC_ROOT_CLASS = YES_ERROR;
				CLANG_WARN_RANGE_LOOP_ANALYSIS = YES;
				CLANG_WARN_STRICT_PROTOTYPES = YES;
				CLANG_WARN_SUSPICIOUS_MOVE = YES;
				CLANG_WARN_UNGUARDED_AVAILABILITY = YES_AGGRESSIVE;
				CLANG_WARN_UNREACHABLE_CODE = YES;
				CLANG_WARN__DUPLICATE_METHOD_MATCH = YES;
				COPY_PHASE_STRIP = NO;
				DEBUG_INFORMATION_FORMAT = dwarf;
				ENABLE_STRICT_OBJC_MSGSEND = YES;
				ENABLE_TESTABILITY = YES;
				GCC_C_LANGUAGE_STANDARD = gnu11;
				GCC_DYNAMIC_NO_PIC = NO;
				GCC_NO_COMMON_BLOCKS = YES;
				GCC_OPTIMIZATION_LEVEL = 0;
				GCC_PREPROCESSOR_DEFINITIONS = (
					"DEBUG=1",
					"$(inherited)",
				);
				GCC_WARN_64_TO_32_BIT_CONVERSION = YES;
				GCC_WARN_ABOUT_RETURN_TYPE = YES_ERROR;
				GCC_WARN_UNDECLARED_SELECTOR = YES;
				GCC_WARN_UNINITIALIZED_AUTOS = YES_AGGRESSIVE;
				GCC_WARN_UNUSED_FUNCTION = YES;
				GCC_WARN_UNUSED_VARIABLE = YES;
				IPHONEOS_DEPLOYMENT_TARGET = 13.7;
				MTL_ENABLE_DEBUG_INFO = INCLUDE_SOURCE;
				MTL_FAST_MATH = YES;
				ONLY_ACTIVE_ARCH = YES;
				SDKROOT = iphoneos;
				SWIFT_ACTIVE_COMPILATION_CONDITIONS = DEBUG;
				SWIFT_OPTIMIZATION_LEVEL = "-Onone";
			};
			name = Debug;
		};
		482A18BA2511AB67008F79DA /* Release */ = {
			isa = XCBuildConfiguration;
			buildSettings = {
				ALWAYS_SEARCH_USER_PATHS = NO;
				CLANG_ANALYZER_NONNULL = YES;
				CLANG_ANALYZER_NUMBER_OBJECT_CONVERSION = YES_AGGRESSIVE;
				CLANG_CXX_LANGUAGE_STANDARD = "gnu++14";
				CLANG_CXX_LIBRARY = "libc++";
				CLANG_ENABLE_MODULES = YES;
				CLANG_ENABLE_OBJC_ARC = YES;
				CLANG_ENABLE_OBJC_WEAK = YES;
				CLANG_WARN_BLOCK_CAPTURE_AUTORELEASING = YES;
				CLANG_WARN_BOOL_CONVERSION = YES;
				CLANG_WARN_COMMA = YES;
				CLANG_WARN_CONSTANT_CONVERSION = YES;
				CLANG_WARN_DEPRECATED_OBJC_IMPLEMENTATIONS = YES;
				CLANG_WARN_DIRECT_OBJC_ISA_USAGE = YES_ERROR;
				CLANG_WARN_DOCUMENTATION_COMMENTS = YES;
				CLANG_WARN_EMPTY_BODY = YES;
				CLANG_WARN_ENUM_CONVERSION = YES;
				CLANG_WARN_INFINITE_RECURSION = YES;
				CLANG_WARN_INT_CONVERSION = YES;
				CLANG_WARN_NON_LITERAL_NULL_CONVERSION = YES;
				CLANG_WARN_OBJC_IMPLICIT_RETAIN_SELF = YES;
				CLANG_WARN_OBJC_LITERAL_CONVERSION = YES;
				CLANG_WARN_OBJC_ROOT_CLASS = YES_ERROR;
				CLANG_WARN_RANGE_LOOP_ANALYSIS = YES;
				CLANG_WARN_STRICT_PROTOTYPES = YES;
				CLANG_WARN_SUSPICIOUS_MOVE = YES;
				CLANG_WARN_UNGUARDED_AVAILABILITY = YES_AGGRESSIVE;
				CLANG_WARN_UNREACHABLE_CODE = YES;
				CLANG_WARN__DUPLICATE_METHOD_MATCH = YES;
				COPY_PHASE_STRIP = NO;
				DEBUG_INFORMATION_FORMAT = "dwarf-with-dsym";
				ENABLE_NS_ASSERTIONS = NO;
				ENABLE_STRICT_OBJC_MSGSEND = YES;
				GCC_C_LANGUAGE_STANDARD = gnu11;
				GCC_NO_COMMON_BLOCKS = YES;
				GCC_WARN_64_TO_32_BIT_CONVERSION = YES;
				GCC_WARN_ABOUT_RETURN_TYPE = YES_ERROR;
				GCC_WARN_UNDECLARED_SELECTOR = YES;
				GCC_WARN_UNINITIALIZED_AUTOS = YES_AGGRESSIVE;
				GCC_WARN_UNUSED_FUNCTION = YES;
				GCC_WARN_UNUSED_VARIABLE = YES;
				IPHONEOS_DEPLOYMENT_TARGET = 13.7;
				MTL_ENABLE_DEBUG_INFO = NO;
				MTL_FAST_MATH = YES;
				SDKROOT = iphoneos;
				SWIFT_COMPILATION_MODE = wholemodule;
				SWIFT_OPTIMIZATION_LEVEL = "-O";
				VALIDATE_PRODUCT = YES;
			};
			name = Release;
		};
		482A18BC2511AB67008F79DA /* Debug */ = {
			isa = XCBuildConfiguration;
			buildSettings = {
				ASSETCATALOG_COMPILER_APPICON_NAME = AppIcon;
				CODE_SIGN_STYLE = Automatic;
				INFOPLIST_FILE = "iOS-OpenLDAP/Info.plist";
				LD_RUNPATH_SEARCH_PATHS = (
					"$(inherited)",
					"@executable_path/Frameworks",
				);
				PRODUCT_BUNDLE_IDENTIFIER = "com.yourcompany.iOS-OpenLDAP";
				PRODUCT_NAME = "$(TARGET_NAME)";
				SWIFT_VERSION = 5.0;
				TARGETED_DEVICE_FAMILY = "1,2";
			};
			name = Debug;
		};
		482A18BD2511AB67008F79DA /* Release */ = {
			isa = XCBuildConfiguration;
			buildSettings = {
				ASSETCATALOG_COMPILER_APPICON_NAME = AppIcon;
				CODE_SIGN_STYLE = Automatic;
				INFOPLIST_FILE = "iOS-OpenLDAP/Info.plist";
				LD_RUNPATH_SEARCH_PATHS = (
					"$(inherited)",
					"@executable_path/Frameworks",
				);
				PRODUCT_BUNDLE_IDENTIFIER = "com.yourcompany.iOS-OpenLDAP";
				PRODUCT_NAME = "$(TARGET_NAME)";
				SWIFT_VERSION = 5.0;
				TARGETED_DEVICE_FAMILY = "1,2";
			};
			name = Release;
		};
/* End XCBuildConfiguration section */

/* Begin XCConfigurationList section */
		482A18A22511AB65008F79DA /* Build configuration list for PBXProject "iOS-OpenLDAP" */ = {
			isa = XCConfigurationList;
			buildConfigurations = (
				482A18B92511AB67008F79DA /* Debug */,
				482A18BA2511AB67008F79DA /* Release */,
			);
			defaultConfigurationIsVisible = 0;
			defaultConfigurationName = Release;
		};
		482A18BB2511AB67008F79DA /* Build configuration list for PBXNativeTarget "iOS-OpenLDAP" */ = {
			isa = XCConfigurationList;
			buildConfigurations = (
				482A18BC2511AB67008F79DA /* Debug */,
				482A18BD2511AB67008F79DA /* Release */,
			);
			defaultConfigurationIsVisible = 0;
			defaultConfigurationName = Release;
		};
/* End XCConfigurationList section */
	};
	rootObject = 482A189F2511AB65008F79DA /* Project object */;
}
